
Microsoft Visual Studio Solution File, Format Version 12.00
# Visual Studio 14
VisualStudioVersion = 14.0.23107.0
MinimumVisualStudioVersion = 10.0.40219.1
Project("{8BC9CEB8-8B4A-11D0-8D11-00A0C91BC942}") = "UacBypass", "UacBypass\UacBypass.vcxproj", "{C933A4B7-4650-4761-B50A-9EEEF15D2FF4}"
EndProject
Project("{8BC9CEB8-8B4A-11D0-8D11-00A0C91BC942}") = "ntwdblib", "ntwdblib\ntwdblib.vcxproj", "{D4682637-135A-429C-BAF4-E74F467BA112}"
EndProject
Project("{8BC9CEB8-8B4A-11D0-8D11-00A0C91BC942}") = "UacBypassTest", "UacBypassTest\UacBypassTest.vcxproj", "{480573D7-419A-406D-82E2-5C23AA16A8E0}"
EndProject
Global
	GlobalSection(SolutionConfigurationPlatforms) = preSolution
		Debug|Any CPU = Debug|Any CPU
		Debug|x64 = Debug|x64
		Debug|x86 = Debug|x86
		Release|Any CPU = Release|Any CPU
		Release|x64 = Release|x64
		Release|x86 = Release|x86
	EndGlobalSection
	GlobalSection(ProjectConfigurationPlatforms) = postSolution
		{C933A4B7-4650-4761-B50A-9EEEF15D2FF4}.Debug|Any CPU.ActiveCfg = Debug|Win32
		{C933A4B7-4650-4761-B50A-9EEEF15D2FF4}.Debug|x64.ActiveCfg = Debug|x64
		{C933A4B7-4650-4761-B50A-9EEEF15D2FF4}.Debug|x64.Build.0 = Debug|x64
		{C933A4B7-4650-4761-B50A-9EEEF15D2FF4}.Debug|x86.ActiveCfg = Debug|Win32
		{C933A4B7-4650-4761-B50A-9EEEF15D2FF4}.Debug|x86.Build.0 = Debug|Win32
		{C933A4B7-4650-4761-B50A-9EEEF15D2FF4}.Release|Any CPU.ActiveCfg = Release|Win32
		{C933A4B7-4650-4761-B50A-9EEEF15D2FF4}.Release|x64.ActiveCfg = Release|x64
		{C933A4B7-4650-4761-B50A-9EEEF15D2FF4}.Release|x64.Build.0 = Release|x64
		{C933A4B7-4650-4761-B50A-9EEEF15D2FF4}.Release|x86.ActiveCfg = Release|Win32
		{C933A4B7-4650-4761-B50A-9EEEF15D2FF4}.Release|x86.Build.0 = Release|Win32
		{D4682637-135A-429C-BAF4-E74F467BA112}.Debug|Any CPU.ActiveCfg = Debug|Win32
		{D4682637-135A-429C-BAF4-E74F467BA112}.Debug|x64.ActiveCfg = Debug|x64
		{D4682637-135A-429C-BAF4-E74F467BA112}.Debug|x64.Build.0 = Debug|x64
		{D4682637-135A-429C-BAF4-E74F467BA112}.Debug|x86.ActiveCfg = Debug|Win32
		{D4682637-135A-429C-BAF4-E74F467BA112}.Debug|x86.Build.0 = Debug|Win32
		{D4682637-135A-429C-BAF4-E74F467BA112}.Release|Any CPU.ActiveCfg = Release|Win32
		{D4682637-135A-429C-BAF4-E74F467BA112}.Release|x64.ActiveCfg = Release|x64
		{D4682637-135A-429C-BAF4-E74F467BA112}.Release|x64.Build.0 = Release|x64
		{D4682637-135A-429C-BAF4-E74F467BA112}.Release|x86.ActiveCfg = Release|Win32
		{D4682637-135A-429C-BAF4-E74F467BA112}.Release|x86.Build.0 = Release|Win32
		{480573D7-419A-406D-82E2-5C23AA16A8E0}.Debug|Any CPU.ActiveCfg = Debug|Win32
		{480573D7-419A-406D-82E2-5C23AA16A8E0}.Debug|x64.ActiveCfg = Debug|x64
		{480573D7-419A-406D-82E2-5C23AA16A8E0}.Debug|x64.Build.0 = Debug|x64
		{480573D7-419A-406D-82E2-5C23AA16A8E0}.Debug|x86.ActiveCfg = Debug|Win32
		{480573D7-419A-406D-82E2-5C23AA16A8E0}.Debug|x86.Build.0 = Debug|Win32
		{480573D7-419A-406D-82E2-5C23AA16A8E0}.Release|Any CPU.ActiveCfg = Release|Win32
		{480573D7-419A-406D-82E2-5C23AA16A8E0}.Release|x64.ActiveCfg = Release|x64
		{480573D7-419A-406D-82E2-5C23AA16A8E0}.Release|x64.Build.0 = Release|x64
		{480573D7-419A-406D-82E2-5C23AA16A8E0}.Release|x86.ActiveCfg = Release|Win32
		{480573D7-419A-406D-82E2-5C23AA16A8E0}.Release|x86.Build.0 = Release|Win32
	EndGlobalSection
	GlobalSection(SolutionProperties) = preSolution
		HideSolutionNode = FALSE
	EndGlobalSection
EndGlobal
